
Microsoft Visual Studio Solution File, Format Version 12.00
# Visual Studio Version 17
VisualStudioVersion = 17.8.34322.80
MinimumVisualStudioVersion = 10.0.40219.1
Project("{8BC9CEB8-8B4A-11D0-8D11-00A0C91BC942}") = "laba8_2", "laba8_2\laba8_2.vcxproj", "{13264BEB-FCEC-4B69-B1CC-C7D5AF421FBF}"
EndProject
Global
	GlobalSection(SolutionConfigurationPlatforms) = preSolution
		Debug|x64 = Debug|x64
		Debug|x86 = Debug|x86
		Release|x64 = Release|x64
		Release|x86 = Release|x86
	EndGlobalSection
	GlobalSection(ProjectConfigurationPlatforms) = postSolution
		{13264BEB-FCEC-4B69-B1CC-C7D5AF421FBF}.Debug|x64.ActiveCfg = Debug|x64
		{13264BEB-FCEC-4B69-B1CC-C7D5AF421FBF}.Debug|x64.Build.0 = Debug|x64
		{13264BEB-FCEC-4B69-B1CC-C7D5AF421FBF}.Debug|x86.ActiveCfg = Debug|Win32
		{13264BEB-FCEC-4B69-B1CC-C7D5AF421FBF}.Debug|x86.Build.0 = Debug|Win32
		{13264BEB-FCEC-4B69-B1CC-C7D5AF421FBF}.Release|x64.ActiveCfg = Release|x64
		{13264BEB-FCEC-4B69-B1CC-C7D5AF421FBF}.Release|x64.Build.0 = Release|x64
		{13264BEB-FCEC-4B69-B1CC-C7D5AF421FBF}.Release|x86.ActiveCfg = Release|Win32
		{13264BEB-FCEC-4B69-B1CC-C7D5AF421FBF}.Release|x86.Build.0 = Release|Win32
	EndGlobalSection
	GlobalSection(SolutionProperties) = preSolution
		HideSolutionNode = FALSE
	EndGlobalSection
	GlobalSection(ExtensibilityGlobals) = postSolution
		SolutionGuid = {A3262DEF-5281-433A-AB9B-8AD0E6C76B74}
	EndGlobalSection
EndGlobal
